
Microsoft Visual Studio Solution File, Format Version 12.00
# Visual Studio Version 16
VisualStudioVersion = 16.0.29020.237
MinimumVisualStudioVersion = 10.0.40219.1
Project("{9A19103F-16F7-4668-BE54-9A1E7A4F7556}") = "AgcApp", "AgcApp\AgcApp.csproj", "{0AC5B561-728C-436C-8C0D-4B27359A45C3}"
EndProject
Project("{FAE04EC0-301F-11D3-BF4B-00C04F79EFBC}") = "XUnitTestAgcApp", "XUnitTestAgcApp\XUnitTestAgcApp.csproj", "{9FC99923-AA5B-47A4-9FAB-67B04B99863C}"
EndProject
Global
	GlobalSection(SolutionConfigurationPlatforms) = preSolution
		Debug|Any CPU = Debug|Any CPU
		Release|Any CPU = Release|Any CPU
	EndGlobalSection
	GlobalSection(ProjectConfigurationPlatforms) = postSolution
		{0AC5B561-728C-436C-8C0D-4B27359A45C3}.Debug|Any CPU.ActiveCfg = Debug|Any CPU
		{0AC5B561-728C-436C-8C0D-4B27359A45C3}.Debug|Any CPU.Build.0 = Debug|Any CPU
		{0AC5B561-728C-436C-8C0D-4B27359A45C3}.Release|Any CPU.ActiveCfg = Release|Any CPU
		{0AC5B561-728C-436C-8C0D-4B27359A45C3}.Release|Any CPU.Build.0 = Release|Any CPU
		{9FC99923-AA5B-47A4-9FAB-67B04B99863C}.Debug|Any CPU.ActiveCfg = Debug|Any CPU
		{9FC99923-AA5B-47A4-9FAB-67B04B99863C}.Debug|Any CPU.Build.0 = Debug|Any CPU
		{9FC99923-AA5B-47A4-9FAB-67B04B99863C}.Release|Any CPU.ActiveCfg = Release|Any CPU
		{9FC99923-AA5B-47A4-9FAB-67B04B99863C}.Release|Any CPU.Build.0 = Release|Any CPU
	EndGlobalSection
	GlobalSection(SolutionProperties) = preSolution
		HideSolutionNode = FALSE
	EndGlobalSection
	GlobalSection(ExtensibilityGlobals) = postSolution
		SolutionGuid = {456EDE1E-53F4-43AA-BE56-967A8FA6385D}
	EndGlobalSection
EndGlobal
